
Microsoft Visual Studio Solution File, Format Version 12.00
# Visual Studio 15
VisualStudioVersion = 15.0.28010.2003
MinimumVisualStudioVersion = 10.0.40219.1
Project("{FAE04EC0-301F-11D3-BF4B-00C04F79EFBC}") = "EnvioDIAN", "EnvioDIAN.csproj", "{57BD0F42-B0D2-452E-8374-BDCEBE039B65}"
EndProject
Project("{FAE04EC0-301F-11D3-BF4B-00C04F79EFBC}") = "facturaElectronica", "..\facturaElectronica\facturaElectronica.csproj", "{A4A2E5DA-91C7-47D6-A607-D99B8803E8EC}"
EndProject
Global
	GlobalSection(SolutionConfigurationPlatforms) = preSolution
		Debug|Any CPU = Debug|Any CPU
		Release|Any CPU = Release|Any CPU
	EndGlobalSection
	GlobalSection(ProjectConfigurationPlatforms) = postSolution
		{57BD0F42-B0D2-452E-8374-BDCEBE039B65}.Debug|Any CPU.ActiveCfg = Debug|Any CPU
		{57BD0F42-B0D2-452E-8374-BDCEBE039B65}.Debug|Any CPU.Build.0 = Debug|Any CPU
		{57BD0F42-B0D2-452E-8374-BDCEBE039B65}.Release|Any CPU.ActiveCfg = Release|Any CPU
		{57BD0F42-B0D2-452E-8374-BDCEBE039B65}.Release|Any CPU.Build.0 = Release|Any CPU
		{A4A2E5DA-91C7-47D6-A607-D99B8803E8EC}.Debug|Any CPU.ActiveCfg = Debug|Any CPU
		{A4A2E5DA-91C7-47D6-A607-D99B8803E8EC}.Debug|Any CPU.Build.0 = Debug|Any CPU
		{A4A2E5DA-91C7-47D6-A607-D99B8803E8EC}.Release|Any CPU.ActiveCfg = Release|Any CPU
		{A4A2E5DA-91C7-47D6-A607-D99B8803E8EC}.Release|Any CPU.Build.0 = Release|Any CPU
	EndGlobalSection
	GlobalSection(SolutionProperties) = preSolution
		HideSolutionNode = FALSE
	EndGlobalSection
	GlobalSection(ExtensibilityGlobals) = postSolution
		SolutionGuid = {938B716D-7600-4462-80D9-FD4431AB9603}
	EndGlobalSection
EndGlobal
